// !$*UTF8*$!
{
	archiveVersion = 1;
	classes = {
	};
	objectVersion = 46;
	objects = {

/* Begin PBXBuildFile section */
		C0002E851B70400100155C3F /* Bolts.framework in Frameworks */ = {isa = PBXBuildFile; fileRef = C0002E831B70400100155C3F /* Bolts.framework */; };
		C0002E861B70400100155C3F /* Parse.framework in Frameworks */ = {isa = PBXBuildFile; fileRef = C0002E841B70400100155C3F /* Parse.framework */; };
		C0002E881B70408B00155C3F /* AudioToolbox.framework in Frameworks */ = {isa = PBXBuildFile; fileRef = C0002E871B70408B00155C3F /* AudioToolbox.framework */; };
		C0002E8A1B70409100155C3F /* CFNetwork.framework in Frameworks */ = {isa = PBXBuildFile; fileRef = C0002E891B70409100155C3F /* CFNetwork.framework */; };
		C0002E8C1B7040A000155C3F /* CoreLocation.framework in Frameworks */ = {isa = PBXBuildFile; fileRef = C0002E8B1B7040A000155C3F /* CoreLocation.framework */; };
		C0002E8E1B7040A600155C3F /* QuartzCore.framework in Frameworks */ = {isa = PBXBuildFile; fileRef = C0002E8D1B7040A600155C3F /* QuartzCore.framework */; };
		C0002E901B7040AD00155C3F /* Security.framework in Frameworks */ = {isa = PBXBuildFile; fileRef = C0002E8F1B7040AD00155C3F /* Security.framework */; };
		C0002E921B7040B200155C3F /* StoreKit.framework in Frameworks */ = {isa = PBXBuildFile; fileRef = C0002E911B7040B200155C3F /* StoreKit.framework */; };
		C0002E941B7040BB00155C3F /* SystemConfiguration.framework in Frameworks */ = {isa = PBXBuildFile; fileRef = C0002E931B7040BB00155C3F /* SystemConfiguration.framework */; };
		C0002E961B7040C600155C3F /* libz.dylib in Frameworks */ = {isa = PBXBuildFile; fileRef = C0002E951B7040C600155C3F /* libz.dylib */; };
		C0002E981B7040D000155C3F /* libsqlite3.dylib in Frameworks */ = {isa = PBXBuildFile; fileRef = C0002E971B7040D000155C3F /* libsqlite3.dylib */; };
		C0002E9A1B7042FE00155C3F /* Accounts.framework in Frameworks */ = {isa = PBXBuildFile; fileRef = C0002E991B7042FE00155C3F /* Accounts.framework */; };
		C0002E9C1B70430700155C3F /* Social.framework in Frameworks */ = {isa = PBXBuildFile; fileRef = C0002E9B1B70430700155C3F /* Social.framework */; };
		C00ED0E019644A5A0045A65E /* Foundation.framework in Frameworks */ = {isa = PBXBuildFile; fileRef = C00ED0DF19644A5A0045A65E /* Foundation.framework */; };
		C00ED0E219644A5A0045A65E /* CoreGraphics.framework in Frameworks */ = {isa = PBXBuildFile; fileRef = C00ED0E119644A5A0045A65E /* CoreGraphics.framework */; };
		C00ED0E419644A5A0045A65E /* UIKit.framework in Frameworks */ = {isa = PBXBuildFile; fileRef = C00ED0E319644A5A0045A65E /* UIKit.framework */; };
		C00ED0EA19644A5A0045A65E /* InfoPlist.strings in Resources */ = {isa = PBXBuildFile; fileRef = C00ED0E819644A5A0045A65E /* InfoPlist.strings */; };
		C00ED0EC19644A5A0045A65E /* main.m in Sources */ = {isa = PBXBuildFile; fileRef = C00ED0EB19644A5A0045A65E /* main.m */; };
		C00ED0F019644A5A0045A65E /* AppDelegate.m in Sources */ = {isa = PBXBuildFile; fileRef = C00ED0EF19644A5A0045A65E /* AppDelegate.m */; };
		C00ED0F819644A5A0045A65E /* Images.xcassets in Resources */ = {isa = PBXBuildFile; fileRef = C00ED0F719644A5A0045A65E /* Images.xcassets */; };
		C00ED0FF19644A5A0045A65E /* XCTest.framework in Frameworks */ = {isa = PBXBuildFile; fileRef = C00ED0FE19644A5A0045A65E /* XCTest.framework */; };
		C00ED10019644A5A0045A65E /* Foundation.framework in Frameworks */ = {isa = PBXBuildFile; fileRef = C00ED0DF19644A5A0045A65E /* Foundation.framework */; };
		C00ED10119644A5A0045A65E /* UIKit.framework in Frameworks */ = {isa = PBXBuildFile; fileRef = C00ED0E319644A5A0045A65E /* UIKit.framework */; };
		C00ED10919644A5A0045A65E /* InfoPlist.strings in Resources */ = {isa = PBXBuildFile; fileRef = C00ED10719644A5A0045A65E /* InfoPlist.strings */; };
		C00ED10B19644A5A0045A65E /* GarageSaleAppTests.m in Sources */ = {isa = PBXBuildFile; fileRef = C00ED10A19644A5A0045A65E /* GarageSaleAppTests.m */; };
		C00ED11619644AA80045A65E /* SWRevealViewController.m in Sources */ = {isa = PBXBuildFile; fileRef = C00ED11519644AA80045A65E /* SWRevealViewController.m */; };
		C00ED12319644B4F0045A65E /* MenuItem.m in Sources */ = {isa = PBXBuildFile; fileRef = C00ED11E19644B4F0045A65E /* MenuItem.m */; };
		C00ED12419644B4F0045A65E /* MenuModel.m in Sources */ = {isa = PBXBuildFile; fileRef = C00ED12019644B4F0045A65E /* MenuModel.m */; };
		C00ED12519644B4F0045A65E /* MenuViewController.m in Sources */ = {isa = PBXBuildFile; fileRef = C00ED12219644B4F0045A65E /* MenuViewController.m */; };
		C019F93F19D88944009528EE /* Message.m in Sources */ = {isa = PBXBuildFile; fileRef = C019F93C19D88944009528EE /* Message.m */; };
		C019F94019D88944009528EE /* MessageModel.m in Sources */ = {isa = PBXBuildFile; fileRef = C019F93E19D88944009528EE /* MessageModel.m */; };
		C02486F019646AA5005DCBE6 /* ClientTableViewController.m in Sources */ = {isa = PBXBuildFile; fileRef = C02486EF19646AA5005DCBE6 /* ClientTableViewController.m */; };
		C02486F319646ADA005DCBE6 /* ClientDetailViewController.m in Sources */ = {isa = PBXBuildFile; fileRef = C02486F219646ADA005DCBE6 /* ClientDetailViewController.m */; };
		C029BA671969D26000125C4F /* CustomSegue.m in Sources */ = {isa = PBXBuildFile; fileRef = C029BA641969D26000125C4F /* CustomSegue.m */; };
		C029BA681969D26000125C4F /* CustomUnwindSegue.m in Sources */ = {isa = PBXBuildFile; fileRef = C029BA661969D26000125C4F /* CustomUnwindSegue.m */; };
		C029BA6B1969EF9400125C4F /* Opportunity.m in Sources */ = {isa = PBXBuildFile; fileRef = C029BA6A1969EF9400125C4F /* Opportunity.m */; };
		C038FCAA1AB269D000A6D287 /* ProductPickerViewController.m in Sources */ = {isa = PBXBuildFile; fileRef = C038FCA81AB269D000A6D287 /* ProductPickerViewController.m */; };
		C038FCAB1AB269D000A6D287 /* ProductPickerViewController.xib in Resources */ = {isa = PBXBuildFile; fileRef = C038FCA91AB269D000A6D287 /* ProductPickerViewController.xib */; };
		C03E8E6E1A47407400965BF7 /* OpportunityTableViewController.m in Sources */ = {isa = PBXBuildFile; fileRef = C03E8E6D1A47407400965BF7 /* OpportunityTableViewController.m */; };
		C03E8E711A4740A800965BF7 /* OpportunityDetailViewController.m in Sources */ = {isa = PBXBuildFile; fileRef = C03E8E701A4740A800965BF7 /* OpportunityDetailViewController.m */; };
		C042ECCF1A3934DB00AC9A4D /* ClientPickerViewController.m in Sources */ = {isa = PBXBuildFile; fileRef = C042ECCD1A3934DB00AC9A4D /* ClientPickerViewController.m */; };
		C042ECD01A3934DB00AC9A4D /* ClientPickerViewController.xib in Resources */ = {isa = PBXBuildFile; fileRef = C042ECCE1A3934DB00AC9A4D /* ClientPickerViewController.xib */; };
		C04BBCD71B2B257700BABD42 /* Settings.m in Sources */ = {isa = PBXBuildFile; fileRef = C04BBCD61B2B257700BABD42 /* Settings.m */; };
		C04E745B1A43D2B300F52E33 /* SendMessageViewController.m in Sources */ = {isa = PBXBuildFile; fileRef = C04E74591A43D2B300F52E33 /* SendMessageViewController.m */; };
		C04E745C1A43D2B300F52E33 /* SendMessageViewController.xib in Resources */ = {isa = PBXBuildFile; fileRef = C04E745A1A43D2B300F52E33 /* SendMessageViewController.xib */; };
		C05377801A41BA2A00EAAE76 /* TemplateModel.m in Sources */ = {isa = PBXBuildFile; fileRef = C053777F1A41BA2A00EAAE76 /* TemplateModel.m */; };
		C05B17091B0C146F0006820F /* OpportunitiesFilterTableViewController.m in Sources */ = {isa = PBXBuildFile; fileRef = C05B17071B0C146F0006820F /* OpportunitiesFilterTableViewController.m */; };
		C05B170A1B0C146F0006820F /* OpportunitiesFilterTableViewController.xib in Resources */ = {isa = PBXBuildFile; fileRef = C05B17081B0C146F0006820F /* OpportunitiesFilterTableViewController.xib */; };
		C05C6A8519F1D5B900BCF9BD /* NSDate+NVTimeAgo.m in Sources */ = {isa = PBXBuildFile; fileRef = C05C6A8419F1D5B900BCF9BD /* NSDate+NVTimeAgo.m */; };
		C05C81571AC379EC0097EB42 /* EditClientViewController.m in Sources */ = {isa = PBXBuildFile; fileRef = C05C81551AC379EC0097EB42 /* EditClientViewController.m */; };
		C05C81581AC379EC0097EB42 /* EditClientViewController.xib in Resources */ = {isa = PBXBuildFile; fileRef = C05C81561AC379EC0097EB42 /* EditClientViewController.xib */; };
		C0666E4A1A44B39100B045A0 /* NewOpportunityViewController.m in Sources */ = {isa = PBXBuildFile; fileRef = C0666E481A44B39100B045A0 /* NewOpportunityViewController.m */; };
		C0666E4B1A44B39100B045A0 /* NewOpportunityViewController.xib in Resources */ = {isa = PBXBuildFile; fileRef = C0666E491A44B39100B045A0 /* NewOpportunityViewController.xib */; };
		C06881201B765B7700782F74 /* CommonMethods.m in Sources */ = {isa = PBXBuildFile; fileRef = C068811F1B765B7700782F74 /* CommonMethods.m */; };
		C069A40D1A84BD1F0059575E /* MessagesTableViewController.m in Sources */ = {isa = PBXBuildFile; fileRef = C069A40C1A84BD1F0059575E /* MessagesTableViewController.m */; };
		C069A4131A84BD530059575E /* MessagesDetailViewController.m in Sources */ = {isa = PBXBuildFile; fileRef = C069A4121A84BD530059575E /* MessagesDetailViewController.m */; };
		C06CE37C1B02E4A800A2A10E /* EditOpportunityViewController.m in Sources */ = {isa = PBXBuildFile; fileRef = C06CE37A1B02E4A800A2A10E /* EditOpportunityViewController.m */; };
		C06CE37D1B02E4A800A2A10E /* EditOpportunityViewController.xib in Resources */ = {isa = PBXBuildFile; fileRef = C06CE37B1B02E4A800A2A10E /* EditOpportunityViewController.xib */; };
		C06F66F31A4114B40013371F /* Template.m in Sources */ = {isa = PBXBuildFile; fileRef = C06F66F21A4114B40013371F /* Template.m */; };
		C06F66FC1A4116910013371F /* SetupTableViewController.m in Sources */ = {isa = PBXBuildFile; fileRef = C06F66FB1A4116910013371F /* SetupTableViewController.m */; };
		C06F66FF1A4116A90013371F /* SetupDetailViewController.m in Sources */ = {isa = PBXBuildFile; fileRef = C06F66FE1A4116A90013371F /* SetupDetailViewController.m */; };
		C0786C901B23977A00557488 /* SettingsModel.m in Sources */ = {isa = PBXBuildFile; fileRef = C0786C8F1B23977A00557488 /* SettingsModel.m */; };
		C0815E0E19644C250021A153 /* Client.m in Sources */ = {isa = PBXBuildFile; fileRef = C0815E0D19644C250021A153 /* Client.m */; };
		C0815E1119644C2D0021A153 /* ClientModel.m in Sources */ = {isa = PBXBuildFile; fileRef = C0815E1019644C2D0021A153 /* ClientModel.m */; };
		C0815E1419644C390021A153 /* OpportunityModel.m in Sources */ = {isa = PBXBuildFile; fileRef = C0815E1319644C390021A153 /* OpportunityModel.m */; };
		C0815E1719644C460021A153 /* Product.m in Sources */ = {isa = PBXBuildFile; fileRef = C0815E1619644C460021A153 /* Product.m */; };
		C0815E1A19644C4D0021A153 /* ProductModel.m in Sources */ = {isa = PBXBuildFile; fileRef = C0815E1919644C4D0021A153 /* ProductModel.m */; };
		C0815E1D196455350021A153 /* ProductDetailViewController.m in Sources */ = {isa = PBXBuildFile; fileRef = C0815E1C196455350021A153 /* ProductDetailViewController.m */; };
		C0815E20196455590021A153 /* ProductTableViewController.m in Sources */ = {isa = PBXBuildFile; fileRef = C0815E1F196455590021A153 /* ProductTableViewController.m */; };
		C083CF5A1B50C5BA005273ED /* AttachmentModel.m in Sources */ = {isa = PBXBuildFile; fileRef = C083CF591B50C5BA005273ED /* AttachmentModel.m */; };
		C083CF5E1B50C7F8005273ED /* Attachment.m in Sources */ = {isa = PBXBuildFile; fileRef = C083CF5D1B50C7F8005273ED /* Attachment.m */; };
		C08C479A1AB3295400B29FCA /* NS-Extensions.m in Sources */ = {isa = PBXBuildFile; fileRef = C08C47991AB3295400B29FCA /* NS-Extensions.m */; };
		C0B81D721A7D4D5E008B6C1C /* EditProductViewController.m in Sources */ = {isa = PBXBuildFile; fileRef = C0B81D701A7D4D5E008B6C1C /* EditProductViewController.m */; };
		C0B81D731A7D4D5E008B6C1C /* EditProductViewController.xib in Resources */ = {isa = PBXBuildFile; fileRef = C0B81D711A7D4D5E008B6C1C /* EditProductViewController.xib */; };
		C0BC0B481AE02B3700DE63C8 /* Main.storyboard in Resources */ = {isa = PBXBuildFile; fileRef = C0BC0B471AE02B3700DE63C8 /* Main.storyboard */; };
		C0BC39511AC7878F0004CFCE /* MessagesSinceTableViewController.m in Sources */ = {isa = PBXBuildFile; fileRef = C0BC394F1AC7878F0004CFCE /* MessagesSinceTableViewController.m */; };
		C0BC39521AC7878F0004CFCE /* MessagesSinceTableViewController.xib in Resources */ = {isa = PBXBuildFile; fileRef = C0BC39501AC7878F0004CFCE /* MessagesSinceTableViewController.xib */; };
		C0CF9C7E1B0966E700C14157 /* FBSDKCoreKit.framework in Frameworks */ = {isa = PBXBuildFile; fileRef = C0CF9C7B1B0966E700C14157 /* FBSDKCoreKit.framework */; };
		C0CF9C7F1B0966E700C14157 /* FBSDKLoginKit.framework in Frameworks */ = {isa = PBXBuildFile; fileRef = C0CF9C7C1B0966E700C14157 /* FBSDKLoginKit.framework */; };
		C0CF9C821B09696700C14157 /* FBSDKShareKit.framework in Frameworks */ = {isa = PBXBuildFile; fileRef = C0CF9C811B09696700C14157 /* FBSDKShareKit.framework */; };
		C0FA5D691AF1DC1D00B2B535 /* CoreData.framework in Frameworks */ = {isa = PBXBuildFile; fileRef = C0FA5D681AF1DC1D00B2B535 /* CoreData.framework */; };
		C0FA5D6C1AF1DFF100B2B535 /* GarageSaleModel.xcdatamodeld in Sources */ = {isa = PBXBuildFile; fileRef = C0FA5D6A1AF1DFF100B2B535 /* GarageSaleModel.xcdatamodeld */; };
/* End PBXBuildFile section */

/* Begin PBXContainerItemProxy section */
		C00ED10219644A5A0045A65E /* PBXContainerItemProxy */ = {
			isa = PBXContainerItemProxy;
			containerPortal = C00ED0D419644A5A0045A65E /* Project object */;
			proxyType = 1;
			remoteGlobalIDString = C00ED0DB19644A5A0045A65E;
			remoteInfo = GarageSaleApp;
		};
/* End PBXContainerItemProxy section */

/* Begin PBXFileReference section */
		C0002E831B70400100155C3F /* Bolts.framework */ = {isa = PBXFileReference; lastKnownFileType = wrapper.framework; path = Bolts.framework; sourceTree = "<group>"; };
		C0002E841B70400100155C3F /* Parse.framework */ = {isa = PBXFileReference; lastKnownFileType = wrapper.framework; path = Parse.framework; sourceTree = "<group>"; };
		C0002E871B70408B00155C3F /* AudioToolbox.framework */ = {isa = PBXFileReference; lastKnownFileType = wrapper.framework; name = AudioToolbox.framework; path = System/Library/Frameworks/AudioToolbox.framework; sourceTree = SDKROOT; };
		C0002E891B70409100155C3F /* CFNetwork.framework */ = {isa = PBXFileReference; lastKnownFileType = wrapper.framework; name = CFNetwork.framework; path = System/Library/Frameworks/CFNetwork.framework; sourceTree = SDKROOT; };
		C0002E8B1B7040A000155C3F /* CoreLocation.framework */ = {isa = PBXFileReference; lastKnownFileType = wrapper.framework; name = CoreLocation.framework; path = System/Library/Frameworks/CoreLocation.framework; sourceTree = SDKROOT; };
		C0002E8D1B7040A600155C3F /* QuartzCore.framework */ = {isa = PBXFileReference; lastKnownFileType = wrapper.framework; name = QuartzCore.framework; path = System/Library/Frameworks/QuartzCore.framework; sourceTree = SDKROOT; };
		C0002E8F1B7040AD00155C3F /* Security.framework */ = {isa = PBXFileReference; lastKnownFileType = wrapper.framework; name = Security.framework; path = System/Library/Frameworks/Security.framework; sourceTree = SDKROOT; };
		C0002E911B7040B200155C3F /* StoreKit.framework */ = {isa = PBXFileReference; lastKnownFileType = wrapper.framework; name = StoreKit.framework; path = System/Library/Frameworks/StoreKit.framework; sourceTree = SDKROOT; };
		C0002E931B7040BB00155C3F /* SystemConfiguration.framework */ = {isa = PBXFileReference; lastKnownFileType = wrapper.framework; name = SystemConfiguration.framework; path = System/Library/Frameworks/SystemConfiguration.framework; sourceTree = SDKROOT; };
		C0002E951B7040C600155C3F /* libz.dylib */ = {isa = PBXFileReference; lastKnownFileType = "compiled.mach-o.dylib"; name = libz.dylib; path = usr/lib/libz.dylib; sourceTree = SDKROOT; };
		C0002E971B7040D000155C3F /* libsqlite3.dylib */ = {isa = PBXFileReference; lastKnownFileType = "compiled.mach-o.dylib"; name = libsqlite3.dylib; path = usr/lib/libsqlite3.dylib; sourceTree = SDKROOT; };
		C0002E991B7042FE00155C3F /* Accounts.framework */ = {isa = PBXFileReference; lastKnownFileType = wrapper.framework; name = Accounts.framework; path = System/Library/Frameworks/Accounts.framework; sourceTree = SDKROOT; };
		C0002E9B1B70430700155C3F /* Social.framework */ = {isa = PBXFileReference; lastKnownFileType = wrapper.framework; name = Social.framework; path = System/Library/Frameworks/Social.framework; sourceTree = SDKROOT; };
		C00ED0DC19644A5A0045A65E /* GarageSaleApp.app */ = {isa = PBXFileReference; explicitFileType = wrapper.application; includeInIndex = 0; path = GarageSaleApp.app; sourceTree = BUILT_PRODUCTS_DIR; };
		C00ED0DF19644A5A0045A65E /* Foundation.framework */ = {isa = PBXFileReference; lastKnownFileType = wrapper.framework; name = Foundation.framework; path = System/Library/Frameworks/Foundation.framework; sourceTree = SDKROOT; };
		C00ED0E119644A5A0045A65E /* CoreGraphics.framework */ = {isa = PBXFileReference; lastKnownFileType = wrapper.framework; name = CoreGraphics.framework; path = System/Library/Frameworks/CoreGraphics.framework; sourceTree = SDKROOT; };
		C00ED0E319644A5A0045A65E /* UIKit.framework */ = {isa = PBXFileReference; lastKnownFileType = wrapper.framework; name = UIKit.framework; path = System/Library/Frameworks/UIKit.framework; sourceTree = SDKROOT; };
		C00ED0E719644A5A0045A65E /* GarageSaleApp-Info.plist */ = {isa = PBXFileReference; lastKnownFileType = text.plist.xml; path = "GarageSaleApp-Info.plist"; sourceTree = "<group>"; };
		C00ED0E919644A5A0045A65E /* en */ = {isa = PBXFileReference; lastKnownFileType = text.plist.strings; name = en; path = en.lproj/InfoPlist.strings; sourceTree = "<group>"; };
		C00ED0EB19644A5A0045A65E /* main.m */ = {isa = PBXFileReference; lastKnownFileType = sourcecode.c.objc; path = main.m; sourceTree = "<group>"; };
		C00ED0ED19644A5A0045A65E /* GarageSaleApp-Prefix.pch */ = {isa = PBXFileReference; lastKnownFileType = sourcecode.c.h; path = "GarageSaleApp-Prefix.pch"; sourceTree = "<group>"; };
		C00ED0EE19644A5A0045A65E /* AppDelegate.h */ = {isa = PBXFileReference; lastKnownFileType = sourcecode.c.h; path = AppDelegate.h; sourceTree = "<group>"; };
		C00ED0EF19644A5A0045A65E /* AppDelegate.m */ = {isa = PBXFileReference; lastKnownFileType = sourcecode.c.objc; path = AppDelegate.m; sourceTree = "<group>"; };
		C00ED0F719644A5A0045A65E /* Images.xcassets */ = {isa = PBXFileReference; lastKnownFileType = folder.assetcatalog; path = Images.xcassets; sourceTree = "<group>"; };
		C00ED0FD19644A5A0045A65E /* GarageSaleAppTests.xctest */ = {isa = PBXFileReference; explicitFileType = wrapper.cfbundle; includeInIndex = 0; path = GarageSaleAppTests.xctest; sourceTree = BUILT_PRODUCTS_DIR; };
		C00ED0FE19644A5A0045A65E /* XCTest.framework */ = {isa = PBXFileReference; lastKnownFileType = wrapper.framework; name = XCTest.framework; path = Library/Frameworks/XCTest.framework; sourceTree = DEVELOPER_DIR; };
		C00ED10619644A5A0045A65E /* GarageSaleAppTests-Info.plist */ = {isa = PBXFileReference; lastKnownFileType = text.plist.xml; path = "GarageSaleAppTests-Info.plist"; sourceTree = "<group>"; };
		C00ED10819644A5A0045A65E /* en */ = {isa = PBXFileReference; lastKnownFileType = text.plist.strings; name = en; path = en.lproj/InfoPlist.strings; sourceTree = "<group>"; };
		C00ED10A19644A5A0045A65E /* GarageSaleAppTests.m */ = {isa = PBXFileReference; lastKnownFileType = sourcecode.c.objc; path = GarageSaleAppTests.m; sourceTree = "<group>"; };
		C00ED11419644AA80045A65E /* SWRevealViewController.h */ = {isa = PBXFileReference; fileEncoding = 4; lastKnownFileType = sourcecode.c.h; path = SWRevealViewController.h; sourceTree = "<group>"; };
		C00ED11519644AA80045A65E /* SWRevealViewController.m */ = {isa = PBXFileReference; fileEncoding = 4; lastKnownFileType = sourcecode.c.objc; path = SWRevealViewController.m; sourceTree = "<group>"; };
		C00ED11D19644B4F0045A65E /* MenuItem.h */ = {isa = PBXFileReference; fileEncoding = 4; lastKnownFileType = sourcecode.c.h; path = MenuItem.h; sourceTree = "<group>"; };
		C00ED11E19644B4F0045A65E /* MenuItem.m */ = {isa = PBXFileReference; fileEncoding = 4; lastKnownFileType = sourcecode.c.objc; path = MenuItem.m; sourceTree = "<group>"; };
		C00ED11F19644B4F0045A65E /* MenuModel.h */ = {isa = PBXFileReference; fileEncoding = 4; lastKnownFileType = sourcecode.c.h; path = MenuModel.h; sourceTree = "<group>"; };
		C00ED12019644B4F0045A65E /* MenuModel.m */ = {isa = PBXFileReference; fileEncoding = 4; lastKnownFileType = sourcecode.c.objc; path = MenuModel.m; sourceTree = "<group>"; };
		C00ED12119644B4F0045A65E /* MenuViewController.h */ = {isa = PBXFileReference; fileEncoding = 4; lastKnownFileType = sourcecode.c.h; path = MenuViewController.h; sourceTree = "<group>"; };
		C00ED12219644B4F0045A65E /* MenuViewController.m */ = {isa = PBXFileReference; fileEncoding = 4; lastKnownFileType = sourcecode.c.objc; path = MenuViewController.m; sourceTree = "<group>"; };
		C019F93B19D88944009528EE /* Message.h */ = {isa = PBXFileReference; fileEncoding = 4; lastKnownFileType = sourcecode.c.h; path = Message.h; sourceTree = "<group>"; };
		C019F93C19D88944009528EE /* Message.m */ = {isa = PBXFileReference; fileEncoding = 4; lastKnownFileType = sourcecode.c.objc; path = Message.m; sourceTree = "<group>"; };
		C019F93D19D88944009528EE /* MessageModel.h */ = {isa = PBXFileReference; fileEncoding = 4; lastKnownFileType = sourcecode.c.h; path = MessageModel.h; sourceTree = "<group>"; };
		C019F93E19D88944009528EE /* MessageModel.m */ = {isa = PBXFileReference; fileEncoding = 4; lastKnownFileType = sourcecode.c.objc; path = MessageModel.m; sourceTree = "<group>"; };
		C02486EE19646AA5005DCBE6 /* ClientTableViewController.h */ = {isa = PBXFileReference; fileEncoding = 4; lastKnownFileType = sourcecode.c.h; path = ClientTableViewController.h; sourceTree = "<group>"; };
		C02486EF19646AA5005DCBE6 /* ClientTableViewController.m */ = {isa = PBXFileReference; fileEncoding = 4; lastKnownFileType = sourcecode.c.objc; path = ClientTableViewController.m; sourceTree = "<group>"; };
		C02486F119646ADA005DCBE6 /* ClientDetailViewController.h */ = {isa = PBXFileReference; fileEncoding = 4; lastKnownFileType = sourcecode.c.h; path = ClientDetailViewController.h; sourceTree = "<group>"; };
		C02486F219646ADA005DCBE6 /* ClientDetailViewController.m */ = {isa = PBXFileReference; fileEncoding = 4; lastKnownFileType = sourcecode.c.objc; path = ClientDetailViewController.m; sourceTree = "<group>"; };
		C029BA631969D26000125C4F /* CustomSegue.h */ = {isa = PBXFileReference; fileEncoding = 4; lastKnownFileType = sourcecode.c.h; path = CustomSegue.h; sourceTree = "<group>"; };
		C029BA641969D26000125C4F /* CustomSegue.m */ = {isa = PBXFileReference; fileEncoding = 4; lastKnownFileType = sourcecode.c.objc; path = CustomSegue.m; sourceTree = "<group>"; };
		C029BA651969D26000125C4F /* CustomUnwindSegue.h */ = {isa = PBXFileReference; fileEncoding = 4; lastKnownFileType = sourcecode.c.h; path = CustomUnwindSegue.h; sourceTree = "<group>"; };
		C029BA661969D26000125C4F /* CustomUnwindSegue.m */ = {isa = PBXFileReference; fileEncoding = 4; lastKnownFileType = sourcecode.c.objc; path = CustomUnwindSegue.m; sourceTree = "<group>"; };
		C029BA691969EF9400125C4F /* Opportunity.h */ = {isa = PBXFileReference; fileEncoding = 4; lastKnownFileType = sourcecode.c.h; path = Opportunity.h; sourceTree = "<group>"; };
		C029BA6A1969EF9400125C4F /* Opportunity.m */ = {isa = PBXFileReference; fileEncoding = 4; lastKnownFileType = sourcecode.c.objc; path = Opportunity.m; sourceTree = "<group>"; };
		C038FCA71AB269D000A6D287 /* ProductPickerViewController.h */ = {isa = PBXFileReference; fileEncoding = 4; lastKnownFileType = sourcecode.c.h; path = ProductPickerViewController.h; sourceTree = "<group>"; };
		C038FCA81AB269D000A6D287 /* ProductPickerViewController.m */ = {isa = PBXFileReference; fileEncoding = 4; lastKnownFileType = sourcecode.c.objc; path = ProductPickerViewController.m; sourceTree = "<group>"; };
		C038FCA91AB269D000A6D287 /* ProductPickerViewController.xib */ = {isa = PBXFileReference; fileEncoding = 4; lastKnownFileType = file.xib; path = ProductPickerViewController.xib; sourceTree = "<group>"; };
		C03E8E6C1A47407400965BF7 /* OpportunityTableViewController.h */ = {isa = PBXFileReference; fileEncoding = 4; lastKnownFileType = sourcecode.c.h; path = OpportunityTableViewController.h; sourceTree = "<group>"; };
		C03E8E6D1A47407400965BF7 /* OpportunityTableViewController.m */ = {isa = PBXFileReference; fileEncoding = 4; lastKnownFileType = sourcecode.c.objc; path = OpportunityTableViewController.m; sourceTree = "<group>"; };
		C03E8E6F1A4740A800965BF7 /* OpportunityDetailViewController.h */ = {isa = PBXFileReference; fileEncoding = 4; lastKnownFileType = sourcecode.c.h; path = OpportunityDetailViewController.h; sourceTree = "<group>"; };
		C03E8E701A4740A800965BF7 /* OpportunityDetailViewController.m */ = {isa = PBXFileReference; fileEncoding = 4; lastKnownFileType = sourcecode.c.objc; path = OpportunityDetailViewController.m; sourceTree = "<group>"; };
		C042ECCC1A3934DB00AC9A4D /* ClientPickerViewController.h */ = {isa = PBXFileReference; fileEncoding = 4; lastKnownFileType = sourcecode.c.h; path = ClientPickerViewController.h; sourceTree = "<group>"; };
		C042ECCD1A3934DB00AC9A4D /* ClientPickerViewController.m */ = {isa = PBXFileReference; fileEncoding = 4; lastKnownFileType = sourcecode.c.objc; path = ClientPickerViewController.m; sourceTree = "<group>"; };
		C042ECCE1A3934DB00AC9A4D /* ClientPickerViewController.xib */ = {isa = PBXFileReference; fileEncoding = 4; lastKnownFileType = file.xib; path = ClientPickerViewController.xib; sourceTree = "<group>"; };
		C04BBCD51B2B257700BABD42 /* Settings.h */ = {isa = PBXFileReference; fileEncoding = 4; lastKnownFileType = sourcecode.c.h; path = Settings.h; sourceTree = "<group>"; };
		C04BBCD61B2B257700BABD42 /* Settings.m */ = {isa = PBXFileReference; fileEncoding = 4; lastKnownFileType = sourcecode.c.objc; path = Settings.m; sourceTree = "<group>"; };
		C04E74581A43D2B300F52E33 /* SendMessageViewController.h */ = {isa = PBXFileReference; fileEncoding = 4; lastKnownFileType = sourcecode.c.h; path = SendMessageViewController.h; sourceTree = "<group>"; };
		C04E74591A43D2B300F52E33 /* SendMessageViewController.m */ = {isa = PBXFileReference; fileEncoding = 4; lastKnownFileType = sourcecode.c.objc; path = SendMessageViewController.m; sourceTree = "<group>"; };
		C04E745A1A43D2B300F52E33 /* SendMessageViewController.xib */ = {isa = PBXFileReference; fileEncoding = 4; lastKnownFileType = file.xib; path = SendMessageViewController.xib; sourceTree = "<group>"; };
		C053777E1A41BA2A00EAAE76 /* TemplateModel.h */ = {isa = PBXFileReference; fileEncoding = 4; lastKnownFileType = sourcecode.c.h; path = TemplateModel.h; sourceTree = "<group>"; };
		C053777F1A41BA2A00EAAE76 /* TemplateModel.m */ = {isa = PBXFileReference; fileEncoding = 4; lastKnownFileType = sourcecode.c.objc; path = TemplateModel.m; sourceTree = "<group>"; };
		C05B17061B0C146F0006820F /* OpportunitiesFilterTableViewController.h */ = {isa = PBXFileReference; fileEncoding = 4; lastKnownFileType = sourcecode.c.h; path = OpportunitiesFilterTableViewController.h; sourceTree = "<group>"; };
		C05B17071B0C146F0006820F /* OpportunitiesFilterTableViewController.m */ = {isa = PBXFileReference; fileEncoding = 4; lastKnownFileType = sourcecode.c.objc; path = OpportunitiesFilterTableViewController.m; sourceTree = "<group>"; };
		C05B17081B0C146F0006820F /* OpportunitiesFilterTableViewController.xib */ = {isa = PBXFileReference; fileEncoding = 4; lastKnownFileType = file.xib; path = OpportunitiesFilterTableViewController.xib; sourceTree = "<group>"; };
		C05C6A8319F1D5B800BCF9BD /* NSDate+NVTimeAgo.h */ = {isa = PBXFileReference; fileEncoding = 4; lastKnownFileType = sourcecode.c.h; path = "NSDate+NVTimeAgo.h"; sourceTree = "<group>"; };
		C05C6A8419F1D5B900BCF9BD /* NSDate+NVTimeAgo.m */ = {isa = PBXFileReference; fileEncoding = 4; lastKnownFileType = sourcecode.c.objc; path = "NSDate+NVTimeAgo.m"; sourceTree = "<group>"; };
		C05C81541AC379EC0097EB42 /* EditClientViewController.h */ = {isa = PBXFileReference; fileEncoding = 4; lastKnownFileType = sourcecode.c.h; path = EditClientViewController.h; sourceTree = "<group>"; };
		C05C81551AC379EC0097EB42 /* EditClientViewController.m */ = {isa = PBXFileReference; fileEncoding = 4; lastKnownFileType = sourcecode.c.objc; path = EditClientViewController.m; sourceTree = "<group>"; };
		C05C81561AC379EC0097EB42 /* EditClientViewController.xib */ = {isa = PBXFileReference; fileEncoding = 4; lastKnownFileType = file.xib; path = EditClientViewController.xib; sourceTree = "<group>"; };
		C0666E471A44B39100B045A0 /* NewOpportunityViewController.h */ = {isa = PBXFileReference; fileEncoding = 4; lastKnownFileType = sourcecode.c.h; path = NewOpportunityViewController.h; sourceTree = "<group>"; };
		C0666E481A44B39100B045A0 /* NewOpportunityViewController.m */ = {isa = PBXFileReference; fileEncoding = 4; lastKnownFileType = sourcecode.c.objc; path = NewOpportunityViewController.m; sourceTree = "<group>"; };
		C0666E491A44B39100B045A0 /* NewOpportunityViewController.xib */ = {isa = PBXFileReference; fileEncoding = 4; lastKnownFileType = file.xib; path = NewOpportunityViewController.xib; sourceTree = "<group>"; };
		C068811E1B765B7700782F74 /* CommonMethods.h */ = {isa = PBXFileReference; fileEncoding = 4; lastKnownFileType = sourcecode.c.h; path = CommonMethods.h; sourceTree = "<group>"; };
		C068811F1B765B7700782F74 /* CommonMethods.m */ = {isa = PBXFileReference; fileEncoding = 4; lastKnownFileType = sourcecode.c.objc; path = CommonMethods.m; sourceTree = "<group>"; };
		C069A40B1A84BD1F0059575E /* MessagesTableViewController.h */ = {isa = PBXFileReference; fileEncoding = 4; lastKnownFileType = sourcecode.c.h; path = MessagesTableViewController.h; sourceTree = "<group>"; };
		C069A40C1A84BD1F0059575E /* MessagesTableViewController.m */ = {isa = PBXFileReference; fileEncoding = 4; lastKnownFileType = sourcecode.c.objc; path = MessagesTableViewController.m; sourceTree = "<group>"; };
		C069A4111A84BD530059575E /* MessagesDetailViewController.h */ = {isa = PBXFileReference; fileEncoding = 4; lastKnownFileType = sourcecode.c.h; path = MessagesDetailViewController.h; sourceTree = "<group>"; };
		C069A4121A84BD530059575E /* MessagesDetailViewController.m */ = {isa = PBXFileReference; fileEncoding = 4; lastKnownFileType = sourcecode.c.objc; path = MessagesDetailViewController.m; sourceTree = "<group>"; };
		C06CE3791B02E4A800A2A10E /* EditOpportunityViewController.h */ = {isa = PBXFileReference; fileEncoding = 4; lastKnownFileType = sourcecode.c.h; path = EditOpportunityViewController.h; sourceTree = "<group>"; };
		C06CE37A1B02E4A800A2A10E /* EditOpportunityViewController.m */ = {isa = PBXFileReference; fileEncoding = 4; lastKnownFileType = sourcecode.c.objc; path = EditOpportunityViewController.m; sourceTree = "<group>"; };
		C06CE37B1B02E4A800A2A10E /* EditOpportunityViewController.xib */ = {isa = PBXFileReference; fileEncoding = 4; lastKnownFileType = file.xib; path = EditOpportunityViewController.xib; sourceTree = "<group>"; };
		C06F66F11A4114B40013371F /* Template.h */ = {isa = PBXFileReference; fileEncoding = 4; lastKnownFileType = sourcecode.c.h; path = Template.h; sourceTree = "<group>"; };
		C06F66F21A4114B40013371F /* Template.m */ = {isa = PBXFileReference; fileEncoding = 4; lastKnownFileType = sourcecode.c.objc; path = Template.m; sourceTree = "<group>"; };
		C06F66FA1A4116910013371F /* SetupTableViewController.h */ = {isa = PBXFileReference; fileEncoding = 4; lastKnownFileType = sourcecode.c.h; path = SetupTableViewController.h; sourceTree = "<group>"; };
		C06F66FB1A4116910013371F /* SetupTableViewController.m */ = {isa = PBXFileReference; fileEncoding = 4; lastKnownFileType = sourcecode.c.objc; path = SetupTableViewController.m; sourceTree = "<group>"; };
		C06F66FD1A4116A90013371F /* SetupDetailViewController.h */ = {isa = PBXFileReference; fileEncoding = 4; lastKnownFileType = sourcecode.c.h; path = SetupDetailViewController.h; sourceTree = "<group>"; };
		C06F66FE1A4116A90013371F /* SetupDetailViewController.m */ = {isa = PBXFileReference; fileEncoding = 4; lastKnownFileType = sourcecode.c.objc; path = SetupDetailViewController.m; sourceTree = "<group>"; };
		C0786C8E1B23977A00557488 /* SettingsModel.h */ = {isa = PBXFileReference; fileEncoding = 4; lastKnownFileType = sourcecode.c.h; path = SettingsModel.h; sourceTree = "<group>"; };
		C0786C8F1B23977A00557488 /* SettingsModel.m */ = {isa = PBXFileReference; fileEncoding = 4; lastKnownFileType = sourcecode.c.objc; path = SettingsModel.m; sourceTree = "<group>"; };
		C0815E0C19644C250021A153 /* Client.h */ = {isa = PBXFileReference; fileEncoding = 4; lastKnownFileType = sourcecode.c.h; path = Client.h; sourceTree = "<group>"; };
		C0815E0D19644C250021A153 /* Client.m */ = {isa = PBXFileReference; fileEncoding = 4; lastKnownFileType = sourcecode.c.objc; path = Client.m; sourceTree = "<group>"; };
		C0815E0F19644C2D0021A153 /* ClientModel.h */ = {isa = PBXFileReference; fileEncoding = 4; lastKnownFileType = sourcecode.c.h; path = ClientModel.h; sourceTree = "<group>"; };
		C0815E1019644C2D0021A153 /* ClientModel.m */ = {isa = PBXFileReference; fileEncoding = 4; lastKnownFileType = sourcecode.c.objc; path = ClientModel.m; sourceTree = "<group>"; };
		C0815E1219644C390021A153 /* OpportunityModel.h */ = {isa = PBXFileReference; fileEncoding = 4; lastKnownFileType = sourcecode.c.h; path = OpportunityModel.h; sourceTree = "<group>"; };
		C0815E1319644C390021A153 /* OpportunityModel.m */ = {isa = PBXFileReference; fileEncoding = 4; lastKnownFileType = sourcecode.c.objc; path = OpportunityModel.m; sourceTree = "<group>"; };
		C0815E1519644C460021A153 /* Product.h */ = {isa = PBXFileReference; fileEncoding = 4; lastKnownFileType = sourcecode.c.h; path = Product.h; sourceTree = "<group>"; };
		C0815E1619644C460021A153 /* Product.m */ = {isa = PBXFileReference; fileEncoding = 4; lastKnownFileType = sourcecode.c.objc; path = Product.m; sourceTree = "<group>"; };
		C0815E1819644C4D0021A153 /* ProductModel.h */ = {isa = PBXFileReference; fileEncoding = 4; lastKnownFileType = sourcecode.c.h; path = ProductModel.h; sourceTree = "<group>"; };
		C0815E1919644C4D0021A153 /* ProductModel.m */ = {isa = PBXFileReference; fileEncoding = 4; lastKnownFileType = sourcecode.c.objc; path = ProductModel.m; sourceTree = "<group>"; };
		C0815E1B196455350021A153 /* ProductDetailViewController.h */ = {isa = PBXFileReference; fileEncoding = 4; lastKnownFileType = sourcecode.c.h; path = ProductDetailViewController.h; sourceTree = "<group>"; };
		C0815E1C196455350021A153 /* ProductDetailViewController.m */ = {isa = PBXFileReference; fileEncoding = 4; lastKnownFileType = sourcecode.c.objc; path = ProductDetailViewController.m; sourceTree = "<group>"; };
		C0815E1E196455590021A153 /* ProductTableViewController.h */ = {isa = PBXFileReference; fileEncoding = 4; lastKnownFileType = sourcecode.c.h; path = ProductTableViewController.h; sourceTree = "<group>"; };
		C0815E1F196455590021A153 /* ProductTableViewController.m */ = {isa = PBXFileReference; fileEncoding = 4; lastKnownFileType = sourcecode.c.objc; path = ProductTableViewController.m; sourceTree = "<group>"; };
		C083CF581B50C5BA005273ED /* AttachmentModel.h */ = {isa = PBXFileReference; fileEncoding = 4; lastKnownFileType = sourcecode.c.h; path = AttachmentModel.h; sourceTree = "<group>"; };
		C083CF591B50C5BA005273ED /* AttachmentModel.m */ = {isa = PBXFileReference; fileEncoding = 4; lastKnownFileType = sourcecode.c.objc; path = AttachmentModel.m; sourceTree = "<group>"; };
		C083CF5C1B50C7F8005273ED /* Attachment.h */ = {isa = PBXFileReference; fileEncoding = 4; lastKnownFileType = sourcecode.c.h; path = Attachment.h; sourceTree = "<group>"; };
		C083CF5D1B50C7F8005273ED /* Attachment.m */ = {isa = PBXFileReference; fileEncoding = 4; lastKnownFileType = sourcecode.c.objc; path = Attachment.m; sourceTree = "<group>"; };
		C08C47981AB3295400B29FCA /* NS-Extensions.h */ = {isa = PBXFileReference; fileEncoding = 4; lastKnownFileType = sourcecode.c.h; path = "NS-Extensions.h"; sourceTree = "<group>"; };
		C08C47991AB3295400B29FCA /* NS-Extensions.m */ = {isa = PBXFileReference; fileEncoding = 4; lastKnownFileType = sourcecode.c.objc; path = "NS-Extensions.m"; sourceTree = "<group>"; };
		C0B81D6F1A7D4D5E008B6C1C /* EditProductViewController.h */ = {isa = PBXFileReference; fileEncoding = 4; lastKnownFileType = sourcecode.c.h; path = EditProductViewController.h; sourceTree = "<group>"; };
		C0B81D701A7D4D5E008B6C1C /* EditProductViewController.m */ = {isa = PBXFileReference; fileEncoding = 4; lastKnownFileType = sourcecode.c.objc; path = EditProductViewController.m; sourceTree = "<group>"; };
		C0B81D711A7D4D5E008B6C1C /* EditProductViewController.xib */ = {isa = PBXFileReference; fileEncoding = 4; lastKnownFileType = file.xib; path = EditProductViewController.xib; sourceTree = "<group>"; };
		C0BC0B471AE02B3700DE63C8 /* Main.storyboard */ = {isa = PBXFileReference; fileEncoding = 4; lastKnownFileType = file.storyboard; path = Main.storyboard; sourceTree = "<group>"; };
		C0BC394E1AC7878F0004CFCE /* MessagesSinceTableViewController.h */ = {isa = PBXFileReference; fileEncoding = 4; lastKnownFileType = sourcecode.c.h; path = MessagesSinceTableViewController.h; sourceTree = "<group>"; };
		C0BC394F1AC7878F0004CFCE /* MessagesSinceTableViewController.m */ = {isa = PBXFileReference; fileEncoding = 4; lastKnownFileType = sourcecode.c.objc; path = MessagesSinceTableViewController.m; sourceTree = "<group>"; };
		C0BC39501AC7878F0004CFCE /* MessagesSinceTableViewController.xib */ = {isa = PBXFileReference; fileEncoding = 4; lastKnownFileType = file.xib; path = MessagesSinceTableViewController.xib; sourceTree = "<group>"; };
		C0CF9C7B1B0966E700C14157 /* FBSDKCoreKit.framework */ = {isa = PBXFileReference; lastKnownFileType = wrapper.framework; name = FBSDKCoreKit.framework; path = ../../FacebookSDK/FBSDKCoreKit.framework; sourceTree = "<group>"; };
		C0CF9C7C1B0966E700C14157 /* FBSDKLoginKit.framework */ = {isa = PBXFileReference; lastKnownFileType = wrapper.framework; name = FBSDKLoginKit.framework; path = ../../FacebookSDK/FBSDKLoginKit.framework; sourceTree = "<group>"; };
		C0CF9C811B09696700C14157 /* FBSDKShareKit.framework */ = {isa = PBXFileReference; lastKnownFileType = wrapper.framework; name = FBSDKShareKit.framework; path = ../../FacebookSDK/FBSDKShareKit.framework; sourceTree = "<group>"; };
		C0FA5D681AF1DC1D00B2B535 /* CoreData.framework */ = {isa = PBXFileReference; lastKnownFileType = wrapper.framework; name = CoreData.framework; path = System/Library/Frameworks/CoreData.framework; sourceTree = SDKROOT; };
		C0FA5D6B1AF1DFF100B2B535 /* GarageSaleModel.xcdatamodel */ = {isa = PBXFileReference; lastKnownFileType = wrapper.xcdatamodel; path = GarageSaleModel.xcdatamodel; sourceTree = "<group>"; };
/* End PBXFileReference section */

/* Begin PBXFrameworksBuildPhase section */
		C00ED0D919644A5A0045A65E /* Frameworks */ = {
			isa = PBXFrameworksBuildPhase;
			buildActionMask = 2147483647;
			files = (
				C0002E9C1B70430700155C3F /* Social.framework in Frameworks */,
				C0002E9A1B7042FE00155C3F /* Accounts.framework in Frameworks */,
				C0002E981B7040D000155C3F /* libsqlite3.dylib in Frameworks */,
				C0002E961B7040C600155C3F /* libz.dylib in Frameworks */,
				C0002E941B7040BB00155C3F /* SystemConfiguration.framework in Frameworks */,
				C0002E921B7040B200155C3F /* StoreKit.framework in Frameworks */,
				C0002E901B7040AD00155C3F /* Security.framework in Frameworks */,
				C0002E8E1B7040A600155C3F /* QuartzCore.framework in Frameworks */,
				C0002E8C1B7040A000155C3F /* CoreLocation.framework in Frameworks */,
				C00ED0E219644A5A0045A65E /* CoreGraphics.framework in Frameworks */,
				C0002E8A1B70409100155C3F /* CFNetwork.framework in Frameworks */,
				C0002E881B70408B00155C3F /* AudioToolbox.framework in Frameworks */,
				C0CF9C821B09696700C14157 /* FBSDKShareKit.framework in Frameworks */,
				C0002E861B70400100155C3F /* Parse.framework in Frameworks */,
				C0CF9C7E1B0966E700C14157 /* FBSDKCoreKit.framework in Frameworks */,
				C0FA5D691AF1DC1D00B2B535 /* CoreData.framework in Frameworks */,
				C0CF9C7F1B0966E700C14157 /* FBSDKLoginKit.framework in Frameworks */,
				C00ED0E419644A5A0045A65E /* UIKit.framework in Frameworks */,
				C00ED0E019644A5A0045A65E /* Foundation.framework in Frameworks */,
				C0002E851B70400100155C3F /* Bolts.framework in Frameworks */,
			);
			runOnlyForDeploymentPostprocessing = 0;
		};
		C00ED0FA19644A5A0045A65E /* Frameworks */ = {
			isa = PBXFrameworksBuildPhase;
			buildActionMask = 2147483647;
			files = (
				C00ED0FF19644A5A0045A65E /* XCTest.framework in Frameworks */,
				C00ED10119644A5A0045A65E /* UIKit.framework in Frameworks */,
				C00ED10019644A5A0045A65E /* Foundation.framework in Frameworks */,
			);
			runOnlyForDeploymentPostprocessing = 0;
		};
/* End PBXFrameworksBuildPhase section */

/* Begin PBXGroup section */
		C008BA2E19C3CAB3008616E4 /* Message */ = {
			isa = PBXGroup;
			children = (
				C019F93B19D88944009528EE /* Message.h */,
				C019F93C19D88944009528EE /* Message.m */,
				C019F93D19D88944009528EE /* MessageModel.h */,
				C019F93E19D88944009528EE /* MessageModel.m */,
				C069A40B1A84BD1F0059575E /* MessagesTableViewController.h */,
				C069A40C1A84BD1F0059575E /* MessagesTableViewController.m */,
				C069A4111A84BD530059575E /* MessagesDetailViewController.h */,
				C069A4121A84BD530059575E /* MessagesDetailViewController.m */,
			);
			name = Message;
			sourceTree = "<group>";
		};
		C00ED0D319644A5A0045A65E = {
			isa = PBXGroup;
			children = (
				C00ED0E519644A5A0045A65E /* GarageSaleApp */,
				C00ED10419644A5A0045A65E /* GarageSaleAppTests */,
				C00ED0DE19644A5A0045A65E /* Frameworks */,
				C00ED0DD19644A5A0045A65E /* Products */,
			);
			sourceTree = "<group>";
		};
		C00ED0DD19644A5A0045A65E /* Products */ = {
			isa = PBXGroup;
			children = (
				C00ED0DC19644A5A0045A65E /* GarageSaleApp.app */,
				C00ED0FD19644A5A0045A65E /* GarageSaleAppTests.xctest */,
			);
			name = Products;
			sourceTree = "<group>";
		};
		C00ED0DE19644A5A0045A65E /* Frameworks */ = {
			isa = PBXGroup;
			children = (
				C0002E9B1B70430700155C3F /* Social.framework */,
				C0002E991B7042FE00155C3F /* Accounts.framework */,
				C0002E971B7040D000155C3F /* libsqlite3.dylib */,
				C0002E951B7040C600155C3F /* libz.dylib */,
				C0002E931B7040BB00155C3F /* SystemConfiguration.framework */,
				C0002E911B7040B200155C3F /* StoreKit.framework */,
				C0002E8F1B7040AD00155C3F /* Security.framework */,
				C0002E8D1B7040A600155C3F /* QuartzCore.framework */,
				C0002E8B1B7040A000155C3F /* CoreLocation.framework */,
				C0002E891B70409100155C3F /* CFNetwork.framework */,
				C0002E871B70408B00155C3F /* AudioToolbox.framework */,
				C0002E831B70400100155C3F /* Bolts.framework */,
				C0002E841B70400100155C3F /* Parse.framework */,
				C0CF9C7B1B0966E700C14157 /* FBSDKCoreKit.framework */,
				C0CF9C811B09696700C14157 /* FBSDKShareKit.framework */,
				C0CF9C7C1B0966E700C14157 /* FBSDKLoginKit.framework */,
				C0FA5D681AF1DC1D00B2B535 /* CoreData.framework */,
				C00ED0DF19644A5A0045A65E /* Foundation.framework */,
				C00ED0E119644A5A0045A65E /* CoreGraphics.framework */,
				C00ED0E319644A5A0045A65E /* UIKit.framework */,
				C00ED0FE19644A5A0045A65E /* XCTest.framework */,
			);
			name = Frameworks;
			sourceTree = "<group>";
		};
		C00ED0E519644A5A0045A65E /* GarageSaleApp */ = {
			isa = PBXGroup;
			children = (
				C00ED0EE19644A5A0045A65E /* AppDelegate.h */,
				C00ED0EF19644A5A0045A65E /* AppDelegate.m */,
				C0BC0B471AE02B3700DE63C8 /* Main.storyboard */,
				C0FA5D6A1AF1DFF100B2B535 /* GarageSaleModel.xcdatamodeld */,
				C00ED0F719644A5A0045A65E /* Images.xcassets */,
				C0292AEA1A5E20EB00283E71 /* Popovers */,
				C008BA2E19C3CAB3008616E4 /* Message */,
				C083CF531B50C57C005273ED /* Attachment */,
				C00ED11819644AB70045A65E /* Product */,
				C00ED11A19644AE00045A65E /* Client */,
				C00ED11919644AD80045A65E /* Opportunity */,
				C0786C891B237BC500557488 /* Settings */,
				C06F66ED1A4111500013371F /* Setup */,
				C00ED11B19644AEF0045A65E /* Menu */,
				C00ED11C19644B000045A65E /* About */,
				C00ED11719644AAE0045A65E /* Reveal */,
				C029BA621969D20400125C4F /* Custom Segues */,
				C05C6A8219F1D56100BCF9BD /* Extensions */,
				C00ED0E619644A5A0045A65E /* Supporting Files */,
			);
			path = GarageSaleApp;
			sourceTree = "<group>";
		};
		C00ED0E619644A5A0045A65E /* Supporting Files */ = {
			isa = PBXGroup;
			children = (
				C00ED0E719644A5A0045A65E /* GarageSaleApp-Info.plist */,
				C00ED0E819644A5A0045A65E /* InfoPlist.strings */,
				C00ED0EB19644A5A0045A65E /* main.m */,
				C00ED0ED19644A5A0045A65E /* GarageSaleApp-Prefix.pch */,
			);
			name = "Supporting Files";
			sourceTree = "<group>";
		};
		C00ED10419644A5A0045A65E /* GarageSaleAppTests */ = {
			isa = PBXGroup;
			children = (
				C00ED10A19644A5A0045A65E /* GarageSaleAppTests.m */,
				C00ED10519644A5A0045A65E /* Supporting Files */,
			);
			path = GarageSaleAppTests;
			sourceTree = "<group>";
		};
		C00ED10519644A5A0045A65E /* Supporting Files */ = {
			isa = PBXGroup;
			children = (
				C00ED10619644A5A0045A65E /* GarageSaleAppTests-Info.plist */,
				C00ED10719644A5A0045A65E /* InfoPlist.strings */,
			);
			name = "Supporting Files";
			sourceTree = "<group>";
		};
		C00ED11719644AAE0045A65E /* Reveal */ = {
			isa = PBXGroup;
			children = (
				C00ED11419644AA80045A65E /* SWRevealViewController.h */,
				C00ED11519644AA80045A65E /* SWRevealViewController.m */,
			);
			name = Reveal;
			sourceTree = "<group>";
		};
		C00ED11819644AB70045A65E /* Product */ = {
			isa = PBXGroup;
			children = (
				C0815E1519644C460021A153 /* Product.h */,
				C0815E1619644C460021A153 /* Product.m */,
				C0815E1819644C4D0021A153 /* ProductModel.h */,
				C0815E1919644C4D0021A153 /* ProductModel.m */,
				C0815E1E196455590021A153 /* ProductTableViewController.h */,
				C0815E1F196455590021A153 /* ProductTableViewController.m */,
				C0815E1B196455350021A153 /* ProductDetailViewController.h */,
				C0815E1C196455350021A153 /* ProductDetailViewController.m */,
			);
			name = Product;
			sourceTree = "<group>";
		};
		C00ED11919644AD80045A65E /* Opportunity */ = {
			isa = PBXGroup;
			children = (
				C029BA691969EF9400125C4F /* Opportunity.h */,
				C029BA6A1969EF9400125C4F /* Opportunity.m */,
				C0815E1219644C390021A153 /* OpportunityModel.h */,
				C0815E1319644C390021A153 /* OpportunityModel.m */,
				C03E8E6C1A47407400965BF7 /* OpportunityTableViewController.h */,
				C03E8E6D1A47407400965BF7 /* OpportunityTableViewController.m */,
				C03E8E6F1A4740A800965BF7 /* OpportunityDetailViewController.h */,
				C03E8E701A4740A800965BF7 /* OpportunityDetailViewController.m */,
			);
			name = Opportunity;
			sourceTree = "<group>";
		};
		C00ED11A19644AE00045A65E /* Client */ = {
			isa = PBXGroup;
			children = (
				C0815E0C19644C250021A153 /* Client.h */,
				C0815E0D19644C250021A153 /* Client.m */,
				C0815E0F19644C2D0021A153 /* ClientModel.h */,
				C0815E1019644C2D0021A153 /* ClientModel.m */,
				C02486EE19646AA5005DCBE6 /* ClientTableViewController.h */,
				C02486EF19646AA5005DCBE6 /* ClientTableViewController.m */,
				C02486F119646ADA005DCBE6 /* ClientDetailViewController.h */,
				C02486F219646ADA005DCBE6 /* ClientDetailViewController.m */,
			);
			name = Client;
			sourceTree = "<group>";
		};
		C00ED11B19644AEF0045A65E /* Menu */ = {
			isa = PBXGroup;
			children = (
				C00ED11D19644B4F0045A65E /* MenuItem.h */,
				C00ED11E19644B4F0045A65E /* MenuItem.m */,
				C00ED11F19644B4F0045A65E /* MenuModel.h */,
				C00ED12019644B4F0045A65E /* MenuModel.m */,
				C00ED12119644B4F0045A65E /* MenuViewController.h */,
				C00ED12219644B4F0045A65E /* MenuViewController.m */,
			);
			name = Menu;
			sourceTree = "<group>";
		};
		C00ED11C19644B000045A65E /* About */ = {
			isa = PBXGroup;
			children = (
			);
			name = About;
			sourceTree = "<group>";
		};
		C0292AEA1A5E20EB00283E71 /* Popovers */ = {
			isa = PBXGroup;
			children = (
				C05B16FD1B0C13EF0006820F /* Opportunities Filter */,
				C0BC39481AC787330004CFCE /* Messages Since */,
				C05C815E1AC37AB90097EB42 /* Edit Client */,
				C05C815D1AC37AB20097EB42 /* Edit Product */,
				C05C815C1AC37AAB0097EB42 /* New Opportunity */,
				C06CE3781B02E48600A2A10E /* Edit Opportunity */,
				C05C815B1AC37AA30097EB42 /* Send Message */,
				C05C815A1AC37A9A0097EB42 /* Product Picker */,
				C05C81591AC37A8C0097EB42 /* Client Picker */,
			);
			name = Popovers;
			sourceTree = "<group>";
		};
		C029BA621969D20400125C4F /* Custom Segues */ = {
			isa = PBXGroup;
			children = (
				C029BA631969D26000125C4F /* CustomSegue.h */,
				C029BA641969D26000125C4F /* CustomSegue.m */,
				C029BA651969D26000125C4F /* CustomUnwindSegue.h */,
				C029BA661969D26000125C4F /* CustomUnwindSegue.m */,
			);
			name = "Custom Segues";
			sourceTree = "<group>";
		};
		C05B16FD1B0C13EF0006820F /* Opportunities Filter */ = {
			isa = PBXGroup;
			children = (
				C05B17061B0C146F0006820F /* OpportunitiesFilterTableViewController.h */,
				C05B17071B0C146F0006820F /* OpportunitiesFilterTableViewController.m */,
				C05B17081B0C146F0006820F /* OpportunitiesFilterTableViewController.xib */,
			);
			name = "Opportunities Filter";
			sourceTree = "<group>";
		};
		C05C6A8219F1D56100BCF9BD /* Extensions */ = {
			isa = PBXGroup;
			children = (
				C05C6A8319F1D5B800BCF9BD /* NSDate+NVTimeAgo.h */,
				C05C6A8419F1D5B900BCF9BD /* NSDate+NVTimeAgo.m */,
				C08C47981AB3295400B29FCA /* NS-Extensions.h */,
				C08C47991AB3295400B29FCA /* NS-Extensions.m */,
				C068811E1B765B7700782F74 /* CommonMethods.h */,
				C068811F1B765B7700782F74 /* CommonMethods.m */,
			);
			name = Extensions;
			sourceTree = "<group>";
		};
		C05C81591AC37A8C0097EB42 /* Client Picker */ = {
			isa = PBXGroup;
			children = (
				C042ECCC1A3934DB00AC9A4D /* ClientPickerViewController.h */,
				C042ECCD1A3934DB00AC9A4D /* ClientPickerViewController.m */,
				C042ECCE1A3934DB00AC9A4D /* ClientPickerViewController.xib */,
			);
			name = "Client Picker";
			sourceTree = "<group>";
		};
		C05C815A1AC37A9A0097EB42 /* Product Picker */ = {
			isa = PBXGroup;
			children = (
				C038FCA71AB269D000A6D287 /* ProductPickerViewController.h */,
				C038FCA81AB269D000A6D287 /* ProductPickerViewController.m */,
				C038FCA91AB269D000A6D287 /* ProductPickerViewController.xib */,
			);
			name = "Product Picker";
			sourceTree = "<group>";
		};
		C05C815B1AC37AA30097EB42 /* Send Message */ = {
			isa = PBXGroup;
			children = (
				C04E74581A43D2B300F52E33 /* SendMessageViewController.h */,
				C04E74591A43D2B300F52E33 /* SendMessageViewController.m */,
				C04E745A1A43D2B300F52E33 /* SendMessageViewController.xib */,
			);
			name = "Send Message";
			sourceTree = "<group>";
		};
		C05C815C1AC37AAB0097EB42 /* New Opportunity */ = {
			isa = PBXGroup;
			children = (
				C0666E471A44B39100B045A0 /* NewOpportunityViewController.h */,
				C0666E481A44B39100B045A0 /* NewOpportunityViewController.m */,
				C0666E491A44B39100B045A0 /* NewOpportunityViewController.xib */,
			);
			name = "New Opportunity";
			sourceTree = "<group>";
		};
		C05C815D1AC37AB20097EB42 /* Edit Product */ = {
			isa = PBXGroup;
			children = (
				C0B81D6F1A7D4D5E008B6C1C /* EditProductViewController.h */,
				C0B81D701A7D4D5E008B6C1C /* EditProductViewController.m */,
				C0B81D711A7D4D5E008B6C1C /* EditProductViewController.xib */,
			);
			name = "Edit Product";
			sourceTree = "<group>";
		};
		C05C815E1AC37AB90097EB42 /* Edit Client */ = {
			isa = PBXGroup;
			children = (
				C05C81541AC379EC0097EB42 /* EditClientViewController.h */,
				C05C81551AC379EC0097EB42 /* EditClientViewController.m */,
				C05C81561AC379EC0097EB42 /* EditClientViewController.xib */,
			);
			name = "Edit Client";
			sourceTree = "<group>";
		};
		C06CE3781B02E48600A2A10E /* Edit Opportunity */ = {
			isa = PBXGroup;
			children = (
				C06CE3791B02E4A800A2A10E /* EditOpportunityViewController.h */,
				C06CE37A1B02E4A800A2A10E /* EditOpportunityViewController.m */,
				C06CE37B1B02E4A800A2A10E /* EditOpportunityViewController.xib */,
			);
			name = "Edit Opportunity";
			sourceTree = "<group>";
		};
		C06F66ED1A4111500013371F /* Setup */ = {
			isa = PBXGroup;
			children = (
				C06F66F11A4114B40013371F /* Template.h */,
				C06F66F21A4114B40013371F /* Template.m */,
				C053777E1A41BA2A00EAAE76 /* TemplateModel.h */,
				C053777F1A41BA2A00EAAE76 /* TemplateModel.m */,
				C06F66FA1A4116910013371F /* SetupTableViewController.h */,
				C06F66FB1A4116910013371F /* SetupTableViewController.m */,
				C06F66FD1A4116A90013371F /* SetupDetailViewController.h */,
				C06F66FE1A4116A90013371F /* SetupDetailViewController.m */,
			);
			name = Setup;
			sourceTree = "<group>";
		};
		C0786C891B237BC500557488 /* Settings */ = {
			isa = PBXGroup;
			children = (
				C04BBCD51B2B257700BABD42 /* Settings.h */,
				C04BBCD61B2B257700BABD42 /* Settings.m */,
				C0786C8E1B23977A00557488 /* SettingsModel.h */,
				C0786C8F1B23977A00557488 /* SettingsModel.m */,
			);
			name = Settings;
			sourceTree = "<group>";
		};
		C083CF531B50C57C005273ED /* Attachment */ = {
			isa = PBXGroup;
			children = (
				C083CF5C1B50C7F8005273ED /* Attachment.h */,
				C083CF5D1B50C7F8005273ED /* Attachment.m */,
				C083CF581B50C5BA005273ED /* AttachmentModel.h */,
				C083CF591B50C5BA005273ED /* AttachmentModel.m */,
			);
			name = Attachment;
			sourceTree = "<group>";
		};
		C0BC39481AC787330004CFCE /* Messages Since */ = {
			isa = PBXGroup;
			children = (
				C0BC394E1AC7878F0004CFCE /* MessagesSinceTableViewController.h */,
				C0BC394F1AC7878F0004CFCE /* MessagesSinceTableViewController.m */,
				C0BC39501AC7878F0004CFCE /* MessagesSinceTableViewController.xib */,
			);
			name = "Messages Since";
			sourceTree = "<group>";
		};
/* End PBXGroup section */

/* Begin PBXNativeTarget section */
		C00ED0DB19644A5A0045A65E /* GarageSaleApp */ = {
			isa = PBXNativeTarget;
			buildConfigurationList = C00ED10E19644A5A0045A65E /* Build configuration list for PBXNativeTarget "GarageSaleApp" */;
			buildPhases = (
				C00ED0D819644A5A0045A65E /* Sources */,
				C00ED0D919644A5A0045A65E /* Frameworks */,
				C00ED0DA19644A5A0045A65E /* Resources */,
			);
			buildRules = (
			);
			dependencies = (
			);
			name = GarageSaleApp;
			productName = GarageSaleApp;
			productReference = C00ED0DC19644A5A0045A65E /* GarageSaleApp.app */;
			productType = "com.apple.product-type.application";
		};
		C00ED0FC19644A5A0045A65E /* GarageSaleAppTests */ = {
			isa = PBXNativeTarget;
			buildConfigurationList = C00ED11119644A5A0045A65E /* Build configuration list for PBXNativeTarget "GarageSaleAppTests" */;
			buildPhases = (
				C00ED0F919644A5A0045A65E /* Sources */,
				C00ED0FA19644A5A0045A65E /* Frameworks */,
				C00ED0FB19644A5A0045A65E /* Resources */,
			);
			buildRules = (
			);
			dependencies = (
				C00ED10319644A5A0045A65E /* PBXTargetDependency */,
			);
			name = GarageSaleAppTests;
			productName = GarageSaleAppTests;
			productReference = C00ED0FD19644A5A0045A65E /* GarageSaleAppTests.xctest */;
			productType = "com.apple.product-type.bundle.unit-test";
		};
/* End PBXNativeTarget section */

/* Begin PBXProject section */
		C00ED0D419644A5A0045A65E /* Project object */ = {
			isa = PBXProject;
			attributes = {
				LastUpgradeCheck = 0510;
				ORGANIZATIONNAME = "Federico Amprimo";
				TargetAttributes = {
					C00ED0DB19644A5A0045A65E = {
						DevelopmentTeam = 47JH2F5QCJ;
					};
					C00ED0FC19644A5A0045A65E = {
						TestTargetID = C00ED0DB19644A5A0045A65E;
					};
				};
			};
			buildConfigurationList = C00ED0D719644A5A0045A65E /* Build configuration list for PBXProject "GarageSaleApp" */;
			compatibilityVersion = "Xcode 3.2";
			developmentRegion = English;
			hasScannedForEncodings = 0;
			knownRegions = (
				en,
				Base,
			);
			mainGroup = C00ED0D319644A5A0045A65E;
			productRefGroup = C00ED0DD19644A5A0045A65E /* Products */;
			projectDirPath = "";
			projectRoot = "";
			targets = (
				C00ED0DB19644A5A0045A65E /* GarageSaleApp */,
				C00ED0FC19644A5A0045A65E /* GarageSaleAppTests */,
			);
		};
/* End PBXProject section */

/* Begin PBXResourcesBuildPhase section */
		C00ED0DA19644A5A0045A65E /* Resources */ = {
			isa = PBXResourcesBuildPhase;
			buildActionMask = 2147483647;
			files = (
				C0666E4B1A44B39100B045A0 /* NewOpportunityViewController.xib in Resources */,
				C0BC0B481AE02B3700DE63C8 /* Main.storyboard in Resources */,
				C00ED0F819644A5A0045A65E /* Images.xcassets in Resources */,
				C06CE37D1B02E4A800A2A10E /* EditOpportunityViewController.xib in Resources */,
				C00ED0EA19644A5A0045A65E /* InfoPlist.strings in Resources */,
				C05B170A1B0C146F0006820F /* OpportunitiesFilterTableViewController.xib in Resources */,
				C05C81581AC379EC0097EB42 /* EditClientViewController.xib in Resources */,
				C04E745C1A43D2B300F52E33 /* SendMessageViewController.xib in Resources */,
				C042ECD01A3934DB00AC9A4D /* ClientPickerViewController.xib in Resources */,
				C038FCAB1AB269D000A6D287 /* ProductPickerViewController.xib in Resources */,
				C0BC39521AC7878F0004CFCE /* MessagesSinceTableViewController.xib in Resources */,
				C0B81D731A7D4D5E008B6C1C /* EditProductViewController.xib in Resources */,
			);
			runOnlyForDeploymentPostprocessing = 0;
		};
		C00ED0FB19644A5A0045A65E /* Resources */ = {
			isa = PBXResourcesBuildPhase;
			buildActionMask = 2147483647;
			files = (
				C00ED10919644A5A0045A65E /* InfoPlist.strings in Resources */,
			);
			runOnlyForDeploymentPostprocessing = 0;
		};
/* End PBXResourcesBuildPhase section */

/* Begin PBXSourcesBuildPhase section */
		C00ED0D819644A5A0045A65E /* Sources */ = {
			isa = PBXSourcesBuildPhase;
			buildActionMask = 2147483647;
			files = (
				C0786C901B23977A00557488 /* SettingsModel.m in Sources */,
				C06881201B765B7700782F74 /* CommonMethods.m in Sources */,
				C02486F019646AA5005DCBE6 /* ClientTableViewController.m in Sources */,
				C05C6A8519F1D5B900BCF9BD /* NSDate+NVTimeAgo.m in Sources */,
				C0B81D721A7D4D5E008B6C1C /* EditProductViewController.m in Sources */,
				C06F66FC1A4116910013371F /* SetupTableViewController.m in Sources */,
				C06F66F31A4114B40013371F /* Template.m in Sources */,
				C02486F319646ADA005DCBE6 /* ClientDetailViewController.m in Sources */,
				C069A40D1A84BD1F0059575E /* MessagesTableViewController.m in Sources */,
				C0815E1119644C2D0021A153 /* ClientModel.m in Sources */,
				C0815E1719644C460021A153 /* Product.m in Sources */,
				C038FCAA1AB269D000A6D287 /* ProductPickerViewController.m in Sources */,
				C00ED0F019644A5A0045A65E /* AppDelegate.m in Sources */,
				C0BC39511AC7878F0004CFCE /* MessagesSinceTableViewController.m in Sources */,
				C029BA681969D26000125C4F /* CustomUnwindSegue.m in Sources */,
				C04BBCD71B2B257700BABD42 /* Settings.m in Sources */,
				C05B17091B0C146F0006820F /* OpportunitiesFilterTableViewController.m in Sources */,
				C03E8E711A4740A800965BF7 /* OpportunityDetailViewController.m in Sources */,
				C08C479A1AB3295400B29FCA /* NS-Extensions.m in Sources */,
				C0815E1D196455350021A153 /* ProductDetailViewController.m in Sources */,
				C019F93F19D88944009528EE /* Message.m in Sources */,
				C06F66FF1A4116A90013371F /* SetupDetailViewController.m in Sources */,
				C05C81571AC379EC0097EB42 /* EditClientViewController.m in Sources */,
				C069A4131A84BD530059575E /* MessagesDetailViewController.m in Sources */,
				C00ED12519644B4F0045A65E /* MenuViewController.m in Sources */,
				C083CF5E1B50C7F8005273ED /* Attachment.m in Sources */,
				C0666E4A1A44B39100B045A0 /* NewOpportunityViewController.m in Sources */,
				C019F94019D88944009528EE /* MessageModel.m in Sources */,
				C083CF5A1B50C5BA005273ED /* AttachmentModel.m in Sources */,
				C00ED12319644B4F0045A65E /* MenuItem.m in Sources */,
				C0815E1A19644C4D0021A153 /* ProductModel.m in Sources */,
				C042ECCF1A3934DB00AC9A4D /* ClientPickerViewController.m in Sources */,
				C029BA6B1969EF9400125C4F /* Opportunity.m in Sources */,
				C00ED12419644B4F0045A65E /* MenuModel.m in Sources */,
				C029BA671969D26000125C4F /* CustomSegue.m in Sources */,
				C05377801A41BA2A00EAAE76 /* TemplateModel.m in Sources */,
				C06CE37C1B02E4A800A2A10E /* EditOpportunityViewController.m in Sources */,
				C04E745B1A43D2B300F52E33 /* SendMessageViewController.m in Sources */,
				C00ED0EC19644A5A0045A65E /* main.m in Sources */,
				C0815E20196455590021A153 /* ProductTableViewController.m in Sources */,
				C0815E1419644C390021A153 /* OpportunityModel.m in Sources */,
				C00ED11619644AA80045A65E /* SWRevealViewController.m in Sources */,
				C03E8E6E1A47407400965BF7 /* OpportunityTableViewController.m in Sources */,
				C0815E0E19644C250021A153 /* Client.m in Sources */,
				C0FA5D6C1AF1DFF100B2B535 /* GarageSaleModel.xcdatamodeld in Sources */,
			);
			runOnlyForDeploymentPostprocessing = 0;
		};
		C00ED0F919644A5A0045A65E /* Sources */ = {
			isa = PBXSourcesBuildPhase;
			buildActionMask = 2147483647;
			files = (
				C00ED10B19644A5A0045A65E /* GarageSaleAppTests.m in Sources */,
			);
			runOnlyForDeploymentPostprocessing = 0;
		};
/* End PBXSourcesBuildPhase section */

/* Begin PBXTargetDependency section */
		C00ED10319644A5A0045A65E /* PBXTargetDependency */ = {
			isa = PBXTargetDependency;
			target = C00ED0DB19644A5A0045A65E /* GarageSaleApp */;
			targetProxy = C00ED10219644A5A0045A65E /* PBXContainerItemProxy */;
		};
/* End PBXTargetDependency section */

/* Begin PBXVariantGroup section */
		C00ED0E819644A5A0045A65E /* InfoPlist.strings */ = {
			isa = PBXVariantGroup;
			children = (
				C00ED0E919644A5A0045A65E /* en */,
			);
			name = InfoPlist.strings;
			sourceTree = "<group>";
		};
		C00ED10719644A5A0045A65E /* InfoPlist.strings */ = {
			isa = PBXVariantGroup;
			children = (
				C00ED10819644A5A0045A65E /* en */,
			);
			name = InfoPlist.strings;
			sourceTree = "<group>";
		};
/* End PBXVariantGroup section */

/* Begin XCBuildConfiguration section */
		C00ED10C19644A5A0045A65E /* Debug */ = {
			isa = XCBuildConfiguration;
			buildSettings = {
				ALWAYS_SEARCH_USER_PATHS = NO;
				CLANG_CXX_LANGUAGE_STANDARD = "gnu++0x";
				CLANG_CXX_LIBRARY = "libc++";
				CLANG_ENABLE_MODULES = YES;
				CLANG_ENABLE_OBJC_ARC = YES;
				CLANG_WARN_BOOL_CONVERSION = YES;
				CLANG_WARN_CONSTANT_CONVERSION = YES;
				CLANG_WARN_DIRECT_OBJC_ISA_USAGE = YES_ERROR;
				CLANG_WARN_EMPTY_BODY = YES;
				CLANG_WARN_ENUM_CONVERSION = YES;
				CLANG_WARN_INT_CONVERSION = YES;
				CLANG_WARN_OBJC_ROOT_CLASS = YES_ERROR;
				CLANG_WARN__DUPLICATE_METHOD_MATCH = YES;
				"CODE_SIGN_IDENTITY[sdk=iphoneos*]" = "iPhone Developer";
				COPY_PHASE_STRIP = NO;
				GCC_C_LANGUAGE_STANDARD = gnu99;
				GCC_DYNAMIC_NO_PIC = NO;
				GCC_OPTIMIZATION_LEVEL = 0;
				GCC_PREPROCESSOR_DEFINITIONS = (
					"DEBUG=1",
					"$(inherited)",
				);
				GCC_SYMBOLS_PRIVATE_EXTERN = NO;
				GCC_WARN_64_TO_32_BIT_CONVERSION = YES;
				GCC_WARN_ABOUT_RETURN_TYPE = YES_ERROR;
				GCC_WARN_UNDECLARED_SELECTOR = YES;
				GCC_WARN_UNINITIALIZED_AUTOS = YES_AGGRESSIVE;
				GCC_WARN_UNUSED_FUNCTION = YES;
				GCC_WARN_UNUSED_VARIABLE = YES;
				IPHONEOS_DEPLOYMENT_TARGET = 7.1;
				ONLY_ACTIVE_ARCH = YES;
				SDKROOT = iphoneos;
				TARGETED_DEVICE_FAMILY = 2;
			};
			name = Debug;
		};
		C00ED10D19644A5A0045A65E /* Release */ = {
			isa = XCBuildConfiguration;
			buildSettings = {
				ALWAYS_SEARCH_USER_PATHS = NO;
				CLANG_CXX_LANGUAGE_STANDARD = "gnu++0x";
				CLANG_CXX_LIBRARY = "libc++";
				CLANG_ENABLE_MODULES = YES;
				CLANG_ENABLE_OBJC_ARC = YES;
				CLANG_WARN_BOOL_CONVERSION = YES;
				CLANG_WARN_CONSTANT_CONVERSION = YES;
				CLANG_WARN_DIRECT_OBJC_ISA_USAGE = YES_ERROR;
				CLANG_WARN_EMPTY_BODY = YES;
				CLANG_WARN_ENUM_CONVERSION = YES;
				CLANG_WARN_INT_CONVERSION = YES;
				CLANG_WARN_OBJC_ROOT_CLASS = YES_ERROR;
				CLANG_WARN__DUPLICATE_METHOD_MATCH = YES;
				"CODE_SIGN_IDENTITY[sdk=iphoneos*]" = "iPhone Developer";
				COPY_PHASE_STRIP = YES;
				ENABLE_NS_ASSERTIONS = NO;
				GCC_C_LANGUAGE_STANDARD = gnu99;
				GCC_WARN_64_TO_32_BIT_CONVERSION = YES;
				GCC_WARN_ABOUT_RETURN_TYPE = YES_ERROR;
				GCC_WARN_UNDECLARED_SELECTOR = YES;
				GCC_WARN_UNINITIALIZED_AUTOS = YES_AGGRESSIVE;
				GCC_WARN_UNUSED_FUNCTION = YES;
				GCC_WARN_UNUSED_VARIABLE = YES;
				IPHONEOS_DEPLOYMENT_TARGET = 7.1;
				SDKROOT = iphoneos;
				TARGETED_DEVICE_FAMILY = 2;
				VALIDATE_PRODUCT = YES;
			};
			name = Release;
		};
		C00ED10F19644A5A0045A65E /* Debug */ = {
			isa = XCBuildConfiguration;
			buildSettings = {
				ASSETCATALOG_COMPILER_APPICON_NAME = AppIcon;
				ASSETCATALOG_COMPILER_LAUNCHIMAGE_NAME = LaunchImage;
				CODE_SIGN_IDENTITY = "iPhone Developer";
				"CODE_SIGN_IDENTITY[sdk=iphoneos*]" = "iPhone Developer";
				FRAMEWORK_SEARCH_PATHS = (
					"$(inherited)",
					/Users/famprimo/Documents/FacebookSDK,
					"$(PROJECT_DIR)",
				);
				GCC_PRECOMPILE_PREFIX_HEADER = YES;
				GCC_PREFIX_HEADER = "GarageSaleApp/GarageSaleApp-Prefix.pch";
				INFOPLIST_FILE = "GarageSaleApp/GarageSaleApp-Info.plist";
				OTHER_LDFLAGS = "-ObjC";
				PRODUCT_NAME = "$(TARGET_NAME)";
				PROVISIONING_PROFILE = "";
				WRAPPER_EXTENSION = app;
			};
			name = Debug;
		};
		C00ED11019644A5A0045A65E /* Release */ = {
			isa = XCBuildConfiguration;
			buildSettings = {
				ASSETCATALOG_COMPILER_APPICON_NAME = AppIcon;
				ASSETCATALOG_COMPILER_LAUNCHIMAGE_NAME = LaunchImage;
				CODE_SIGN_IDENTITY = "iPhone Developer";
				"CODE_SIGN_IDENTITY[sdk=iphoneos*]" = "iPhone Developer";
				FRAMEWORK_SEARCH_PATHS = (
					"$(inherited)",
					/Users/famprimo/Documents/FacebookSDK,
					"$(PROJECT_DIR)",
				);
				GCC_PRECOMPILE_PREFIX_HEADER = YES;
				GCC_PREFIX_HEADER = "GarageSaleApp/GarageSaleApp-Prefix.pch";
				INFOPLIST_FILE = "GarageSaleApp/GarageSaleApp-Info.plist";
				OTHER_LDFLAGS = "-ObjC";
				PRODUCT_NAME = "$(TARGET_NAME)";
				PROVISIONING_PROFILE = "";
				WRAPPER_EXTENSION = app;
			};
			name = Release;
		};
		C00ED11219644A5A0045A65E /* Debug */ = {
			isa = XCBuildConfiguration;
			buildSettings = {
				BUNDLE_LOADER = "$(BUILT_PRODUCTS_DIR)/GarageSaleApp.app/GarageSaleApp";
				FRAMEWORK_SEARCH_PATHS = (
					"$(SDKROOT)/Developer/Library/Frameworks",
					"$(inherited)",
					"$(DEVELOPER_FRAMEWORKS_DIR)",
				);
				GCC_PRECOMPILE_PREFIX_HEADER = YES;
				GCC_PREFIX_HEADER = "GarageSaleApp/GarageSaleApp-Prefix.pch";
				GCC_PREPROCESSOR_DEFINITIONS = (
					"DEBUG=1",
					"$(inherited)",
				);
				INFOPLIST_FILE = "GarageSaleAppTests/GarageSaleAppTests-Info.plist";
				PRODUCT_NAME = "$(TARGET_NAME)";
				TEST_HOST = "$(BUNDLE_LOADER)";
				WRAPPER_EXTENSION = xctest;
			};
			name = Debug;
		};
		C00ED11319644A5A0045A65E /* Release */ = {
			isa = XCBuildConfiguration;
			buildSettings = {
				BUNDLE_LOADER = "$(BUILT_PRODUCTS_DIR)/GarageSaleApp.app/GarageSaleApp";
				FRAMEWORK_SEARCH_PATHS = (
					"$(SDKROOT)/Developer/Library/Frameworks",
					"$(inherited)",
					"$(DEVELOPER_FRAMEWORKS_DIR)",
				);
				GCC_PRECOMPILE_PREFIX_HEADER = YES;
				GCC_PREFIX_HEADER = "GarageSaleApp/GarageSaleApp-Prefix.pch";
				INFOPLIST_FILE = "GarageSaleAppTests/GarageSaleAppTests-Info.plist";
				PRODUCT_NAME = "$(TARGET_NAME)";
				TEST_HOST = "$(BUNDLE_LOADER)";
				WRAPPER_EXTENSION = xctest;
			};
			name = Release;
		};
/* End XCBuildConfiguration section */

/* Begin XCConfigurationList section */
		C00ED0D719644A5A0045A65E /* Build configuration list for PBXProject "GarageSaleApp" */ = {
			isa = XCConfigurationList;
			buildConfigurations = (
				C00ED10C19644A5A0045A65E /* Debug */,
				C00ED10D19644A5A0045A65E /* Release */,
			);
			defaultConfigurationIsVisible = 0;
			defaultConfigurationName = Release;
		};
		C00ED10E19644A5A0045A65E /* Build configuration list for PBXNativeTarget "GarageSaleApp" */ = {
			isa = XCConfigurationList;
			buildConfigurations = (
				C00ED10F19644A5A0045A65E /* Debug */,
				C00ED11019644A5A0045A65E /* Release */,
			);
			defaultConfigurationIsVisible = 0;
			defaultConfigurationName = Release;
		};
		C00ED11119644A5A0045A65E /* Build configuration list for PBXNativeTarget "GarageSaleAppTests" */ = {
			isa = XCConfigurationList;
			buildConfigurations = (
				C00ED11219644A5A0045A65E /* Debug */,
				C00ED11319644A5A0045A65E /* Release */,
			);
			defaultConfigurationIsVisible = 0;
			defaultConfigurationName = Release;
		};
/* End XCConfigurationList section */

/* Begin XCVersionGroup section */
		C0FA5D6A1AF1DFF100B2B535 /* GarageSaleModel.xcdatamodeld */ = {
			isa = XCVersionGroup;
			children = (
				C0FA5D6B1AF1DFF100B2B535 /* GarageSaleModel.xcdatamodel */,
			);
			currentVersion = C0FA5D6B1AF1DFF100B2B535 /* GarageSaleModel.xcdatamodel */;
			path = GarageSaleModel.xcdatamodeld;
			sourceTree = "<group>";
			versionGroupType = wrapper.xcdatamodel;
		};
/* End XCVersionGroup section */
	};
	rootObject = C00ED0D419644A5A0045A65E /* Project object */;
}
